github.com/nunocoracao/blowfish/v2 v2.38.3 h1:vQnBVrXR1KHouiCteBhDR6tXqv1g1cJBuXj3XeXZXRM=
github.com/nunocoracao/blowfish/v2 v2.38.3/go.mod h1:4SkMc+Ht8gpQCwArqiHMBDP3soxi2OWuAhVney+cuyk=
github.com/nunocoracao/blowfish/v2 v2.48.0 h1:wqyiog/ogBAdTQjA82EZfPCbH9yDiZ/L+KGQbZufkRM=
github.com/nunocoracao/blowfish/v2 v2.48.0/go.mod h1:4SkMc+Ht8gpQCwArqiHMBDP3soxi2OWuAhVney+cuyk=
github.com/nunocoracao/blowfish/v2 v2.70.0 h1:xYYPqkEevP7bHiHn3eWSd06fhB3LU0Th1d1b7tD0oro=
github.com/nunocoracao/blowfish/v2 v2.70.0/go.mod h1:4SkMc+Ht8gpQCwArqiHMBDP3soxi2OWuAhVney+cuyk=
